
Microsoft Visual Studio Solution File, Format Version 12.00
# Visual Studio 15
VisualStudioVersion = 15.0.28010.2026
MinimumVisualStudioVersion = 10.0.40219.1
Project("{FAE04EC0-301F-11D3-BF4B-00C04F79EFBC}") = "MyPersonalFinance.Domain", "MyPersonalFinance.Domain\MyPersonalFinance.Domain.csproj", "{F1E004E6-F3AA-4C99-95DA-71FB0BD68CED}"
EndProject
Project("{FAE04EC0-301F-11D3-BF4B-00C04F79EFBC}") = "MyPersonalFinance.UnitTests", "MyPersonalFinance.UnitTests\MyPersonalFinance.UnitTests.csproj", "{D6BAB23E-6B9F-48B4-80BE-D683D6608F52}"
EndProject
Global
	GlobalSection(SolutionConfigurationPlatforms) = preSolution
		Debug|Any CPU = Debug|Any CPU
		Release|Any CPU = Release|Any CPU
	EndGlobalSection
	GlobalSection(ProjectConfigurationPlatforms) = postSolution
		{F1E004E6-F3AA-4C99-95DA-71FB0BD68CED}.Debug|Any CPU.ActiveCfg = Debug|Any CPU
		{F1E004E6-F3AA-4C99-95DA-71FB0BD68CED}.Debug|Any CPU.Build.0 = Debug|Any CPU
		{F1E004E6-F3AA-4C99-95DA-71FB0BD68CED}.Release|Any CPU.ActiveCfg = Release|Any CPU
		{F1E004E6-F3AA-4C99-95DA-71FB0BD68CED}.Release|Any CPU.Build.0 = Release|Any CPU
		{D6BAB23E-6B9F-48B4-80BE-D683D6608F52}.Debug|Any CPU.ActiveCfg = Debug|Any CPU
		{D6BAB23E-6B9F-48B4-80BE-D683D6608F52}.Debug|Any CPU.Build.0 = Debug|Any CPU
		{D6BAB23E-6B9F-48B4-80BE-D683D6608F52}.Release|Any CPU.ActiveCfg = Release|Any CPU
		{D6BAB23E-6B9F-48B4-80BE-D683D6608F52}.Release|Any CPU.Build.0 = Release|Any CPU
	EndGlobalSection
	GlobalSection(SolutionProperties) = preSolution
		HideSolutionNode = FALSE
	EndGlobalSection
	GlobalSection(ExtensibilityGlobals) = postSolution
		SolutionGuid = {11C3B91A-201D-4A23-97BC-2E3167CAA01E}
	EndGlobalSection
EndGlobal
